Microsoft Visual Studio Solution File, Format Version 12.00
# Visual Studio Version 17
VisualStudioVersion = 17.5.2.0
MinimumVisualStudioVersion = 10.0.40219.1
Project("{FAE04EC0-301F-11D3-BF4B-00C04F79EFBC}") = "YourProjectName", "YourProjectName\YourProjectName.csproj", "{532BA47A-9BE4-238F-718C-9CB07F08EFA4}"
EndProject
Global
	GlobalSection(SolutionConfigurationPlatforms) = preSolution
		Debug|Any CPU = Debug|Any CPU
		Release|Any CPU = Release|Any CPU
	EndGlobalSection
	GlobalSection(ProjectConfigurationPlatforms) = postSolution
		{532BA47A-9BE4-238F-718C-9CB07F08EFA4}.Debug|Any CPU.ActiveCfg = Debug|Any CPU
		{532BA47A-9BE4-238F-718C-9CB07F08EFA4}.Debug|Any CPU.Build.0 = Debug|Any CPU
		{532BA47A-9BE4-238F-718C-9CB07F08EFA4}.Release|Any CPU.ActiveCfg = Release|Any CPU
		{532BA47A-9BE4-238F-718C-9CB07F08EFA4}.Release|Any CPU.Build.0 = Release|Any CPU
	EndGlobalSection
	GlobalSection(SolutionProperties) = preSolution
		HideSolutionNode = FALSE
	EndGlobalSection
	GlobalSection(ExtensibilityGlobals) = postSolution
		SolutionGuid = {3A0FF968-2CC0-4510-BA61-F6628D605448}
	EndGlobalSection
EndGlobal
